// !$*UTF8*$!
{
	archiveVersion = 1;
	classes = {
	};
	objectVersion = 46;
	objects = {

/* Begin PBXBuildFile section */
		EA9FC0071FAD70B400454D34 /* main.m in Sources */ = {isa = PBXBuildFile; fileRef = EA9FC0061FAD70B400454D34 /* main.m */; };
		EA9FC00A1FAD70B400454D34 /* AppDelegate.m in Sources */ = {isa = PBXBuildFile; fileRef = EA9FC0091FAD70B400454D34 /* AppDelegate.m */; };
		EA9FC00D1FAD70B400454D34 /* ViewController.m in Sources */ = {isa = PBXBuildFile; fileRef = EA9FC00C1FAD70B400454D34 /* ViewController.m */; };
		EA9FC0101FAD70B400454D34 /* Main.storyboard in Resources */ = {isa = PBXBuildFile; fileRef = EA9FC00E1FAD70B400454D34 /* Main.storyboard */; };
		EA9FC0121FAD70B400454D34 /* Assets.xcassets in Resources */ = {isa = PBXBuildFile; fileRef = EA9FC0111FAD70B400454D34 /* Assets.xcassets */; };
		EA9FC0151FAD70B400454D34 /* LaunchScreen.storyboard in Resources */ = {isa = PBXBuildFile; fileRef = EA9FC0131FAD70B400454D34 /* LaunchScreen.storyboard */; };
		EA9FC0201FAD70B400454D34 /* exchangeSetterTests.m in Sources */ = {isa = PBXBuildFile; fileRef = EA9FC01F1FAD70B400454D34 /* exchangeSetterTests.m */; };
		EA9FC02B1FAD70B400454D34 /* exchangeSetterUITests.m in Sources */ = {isa = PBXBuildFile; fileRef = EA9FC02A1FAD70B400454D34 /* exchangeSetterUITests.m */; };
		EA9FC03A1FAD70C300454D34 /* UserModel.m in Sources */ = {isa = PBXBuildFile; fileRef = EA9FC0391FAD70C300454D34 /* UserModel.m */; };
		EA9FC0431FAD8A0600454D34 /* UserModel+Setter.m in Sources */ = {isa = PBXBuildFile; fileRef = EA9FC0421FAD8A0600454D34 /* UserModel+Setter.m */; };
		EA9FC0461FADA05300454D34 /* WKClassPropertyModel.m in Sources */ = {isa = PBXBuildFile; fileRef = EA9FC0451FADA05300454D34 /* WKClassPropertyModel.m */; };
		EA9FC0491FADABEB00454D34 /* WKClassPropertyManager.m in Sources */ = {isa = PBXBuildFile; fileRef = EA9FC0481FADABEB00454D34 /* WKClassPropertyManager.m */; };
/* End PBXBuildFile section */

/* Begin PBXContainerItemProxy section */
		EA9FC01C1FAD70B400454D34 /* PBXContainerItemProxy */ = {
			isa = PBXContainerItemProxy;
			containerPortal = EA9FBFFA1FAD70B400454D34 /* Project object */;
			proxyType = 1;
			remoteGlobalIDString = EA9FC0011FAD70B400454D34;
			remoteInfo = exchangeSetter;
		};
		EA9FC0271FAD70B400454D34 /* PBXContainerItemProxy */ = {
			isa = PBXContainerItemProxy;
			containerPortal = EA9FBFFA1FAD70B400454D34 /* Project object */;
			proxyType = 1;
			remoteGlobalIDString = EA9FC0011FAD70B400454D34;
			remoteInfo = exchangeSetter;
		};
/* End PBXContainerItemProxy section */

/* Begin PBXFileReference section */
		EA9FC0021FAD70B400454D34 /* exchangeSetter.app */ = {isa = PBXFileReference; explicitFileType = wrapper.application; includeInIndex = 0; path = exchangeSetter.app; sourceTree = BUILT_PRODUCTS_DIR; };
		EA9FC0061FAD70B400454D34 /* main.m */ = {isa = PBXFileReference; lastKnownFileType = sourcecode.c.objc; path = main.m; sourceTree = "<group>"; };
		EA9FC0081FAD70B400454D34 /* AppDelegate.h */ = {isa = PBXFileReference; lastKnownFileType = sourcecode.c.h; path = AppDelegate.h; sourceTree = "<group>"; };
		EA9FC0091FAD70B400454D34 /* AppDelegate.m */ = {isa = PBXFileReference; lastKnownFileType = sourcecode.c.objc; path = AppDelegate.m; sourceTree = "<group>"; };
		EA9FC00B1FAD70B400454D34 /* ViewController.h */ = {isa = PBXFileReference; lastKnownFileType = sourcecode.c.h; path = ViewController.h; sourceTree = "<group>"; };
		EA9FC00C1FAD70B400454D34 /* ViewController.m */ = {isa = PBXFileReference; lastKnownFileType = sourcecode.c.objc; path = ViewController.m; sourceTree = "<group>"; };
		EA9FC00F1FAD70B400454D34 /* Base */ = {isa = PBXFileReference; lastKnownFileType = file.storyboard; name = Base; path = Base.lproj/Main.storyboard; sourceTree = "<group>"; };
		EA9FC0111FAD70B400454D34 /* Assets.xcassets */ = {isa = PBXFileReference; lastKnownFileType = folder.assetcatalog; path = Assets.xcassets; sourceTree = "<group>"; };
		EA9FC0141FAD70B400454D34 /* Base */ = {isa = PBXFileReference; lastKnownFileType = file.storyboard; name = Base; path = Base.lproj/LaunchScreen.storyboard; sourceTree = "<group>"; };
		EA9FC0161FAD70B400454D34 /* Info.plist */ = {isa = PBXFileReference; lastKnownFileType = text.plist.xml; path = Info.plist; sourceTree = "<group>"; };
		EA9FC01B1FAD70B400454D34 /* exchangeSetterTests.xctest */ = {isa = PBXFileReference; explicitFileType = wrapper.cfbundle; includeInIndex = 0; path = exchangeSetterTests.xctest; sourceTree = BUILT_PRODUCTS_DIR; };
		EA9FC01F1FAD70B400454D34 /* exchangeSetterTests.m */ = {isa = PBXFileReference; lastKnownFileType = sourcecode.c.objc; path = exchangeSetterTests.m; sourceTree = "<group>"; };
		EA9FC0211FAD70B400454D34 /* Info.plist */ = {isa = PBXFileReference; lastKnownFileType = text.plist.xml; path = Info.plist; sourceTree = "<group>"; };
		EA9FC0261FAD70B400454D34 /* exchangeSetterUITests.xctest */ = {isa = PBXFileReference; explicitFileType = wrapper.cfbundle; includeInIndex = 0; path = exchangeSetterUITests.xctest; sourceTree = BUILT_PRODUCTS_DIR; };
		EA9FC02A1FAD70B400454D34 /* exchangeSetterUITests.m */ = {isa = PBXFileReference; lastKnownFileType = sourcecode.c.objc; path = exchangeSetterUITests.m; sourceTree = "<group>"; };
		EA9FC02C1FAD70B400454D34 /* Info.plist */ = {isa = PBXFileReference; lastKnownFileType = text.plist.xml; path = Info.plist; sourceTree = "<group>"; };
		EA9FC0381FAD70C200454D34 /* UserModel.h */ = {isa = PBXFileReference; fileEncoding = 4; lastKnownFileType = sourcecode.c.h; path = UserModel.h; sourceTree = "<group>"; };
		EA9FC0391FAD70C300454D34 /* UserModel.m */ = {isa = PBXFileReference; fileEncoding = 4; lastKnownFileType = sourcecode.c.objc; path = UserModel.m; sourceTree = "<group>"; };
		EA9FC0411FAD8A0600454D34 /* UserModel+Setter.h */ = {isa = PBXFileReference; fileEncoding = 4; lastKnownFileType = sourcecode.c.h; path = "UserModel+Setter.h"; sourceTree = "<group>"; };
		EA9FC0421FAD8A0600454D34 /* UserModel+Setter.m */ = {isa = PBXFileReference; fileEncoding = 4; lastKnownFileType = sourcecode.c.objc; path = "UserModel+Setter.m"; sourceTree = "<group>"; };
		EA9FC0441FADA05300454D34 /* WKClassPropertyModel.h */ = {isa = PBXFileReference; fileEncoding = 4; lastKnownFileType = sourcecode.c.h; path = WKClassPropertyModel.h; sourceTree = "<group>"; };
		EA9FC0451FADA05300454D34 /* WKClassPropertyModel.m */ = {isa = PBXFileReference; fileEncoding = 4; lastKnownFileType = sourcecode.c.objc; path = WKClassPropertyModel.m; sourceTree = "<group>"; };
		EA9FC0471FADABEB00454D34 /* WKClassPropertyManager.h */ = {isa = PBXFileReference; fileEncoding = 4; lastKnownFileType = sourcecode.c.h; path = WKClassPropertyManager.h; sourceTree = "<group>"; };
		EA9FC0481FADABEB00454D34 /* WKClassPropertyManager.m */ = {isa = PBXFileReference; fileEncoding = 4; lastKnownFileType = sourcecode.c.objc; path = WKClassPropertyManager.m; sourceTree = "<group>"; };
/* End PBXFileReference section */

/* Begin PBXFrameworksBuildPhase section */
		EA9FBFFF1FAD70B400454D34 /* Frameworks */ = {
			isa = PBXFrameworksBuildPhase;
			buildActionMask = 2147483647;
			files = (
			);
			runOnlyForDeploymentPostprocessing = 0;
		};
		EA9FC0181FAD70B400454D34 /* Frameworks */ = {
			isa = PBXFrameworksBuildPhase;
			buildActionMask = 2147483647;
			files = (
			);
			runOnlyForDeploymentPostprocessing = 0;
		};
		EA9FC0231FAD70B400454D34 /* Frameworks */ = {
			isa = PBXFrameworksBuildPhase;
			buildActionMask = 2147483647;
			files = (
			);
			runOnlyForDeploymentPostprocessing = 0;
		};
/* End PBXFrameworksBuildPhase section */

/* Begin PBXGroup section */
		EA9FBFF91FAD70B400454D34 = {
			isa = PBXGroup;
			children = (
				EA9FC0041FAD70B400454D34 /* exchangeSetter */,
				EA9FC01E1FAD70B400454D34 /* exchangeSetterTests */,
				EA9FC0291FAD70B400454D34 /* exchangeSetterUITests */,
				EA9FC0031FAD70B400454D34 /* Products */,
			);
			sourceTree = "<group>";
		};
		EA9FC0031FAD70B400454D34 /* Products */ = {
			isa = PBXGroup;
			children = (
				EA9FC0021FAD70B400454D34 /* exchangeSetter.app */,
				EA9FC01B1FAD70B400454D34 /* exchangeSetterTests.xctest */,
				EA9FC0261FAD70B400454D34 /* exchangeSetterUITests.xctest */,
			);
			name = Products;
			sourceTree = "<group>";
		};
		EA9FC0041FAD70B400454D34 /* exchangeSetter */ = {
			isa = PBXGroup;
			children = (
				EA9FC0081FAD70B400454D34 /* AppDelegate.h */,
				EA9FC0091FAD70B400454D34 /* AppDelegate.m */,
				EA9FC00B1FAD70B400454D34 /* ViewController.h */,
				EA9FC00C1FAD70B400454D34 /* ViewController.m */,
				EA9FC0381FAD70C200454D34 /* UserModel.h */,
				EA9FC0391FAD70C300454D34 /* UserModel.m */,
				EA9FC0441FADA05300454D34 /* WKClassPropertyModel.h */,
				EA9FC0451FADA05300454D34 /* WKClassPropertyModel.m */,
				EA9FC0471FADABEB00454D34 /* WKClassPropertyManager.h */,
				EA9FC0481FADABEB00454D34 /* WKClassPropertyManager.m */,
				EA9FC0411FAD8A0600454D34 /* UserModel+Setter.h */,
				EA9FC0421FAD8A0600454D34 /* UserModel+Setter.m */,
				EA9FC00E1FAD70B400454D34 /* Main.storyboard */,
				EA9FC0111FAD70B400454D34 /* Assets.xcassets */,
				EA9FC0131FAD70B400454D34 /* LaunchScreen.storyboard */,
				EA9FC0161FAD70B400454D34 /* Info.plist */,
				EA9FC0051FAD70B400454D34 /* Supporting Files */,
			);
			path = exchangeSetter;
			sourceTree = "<group>";
		};
		EA9FC0051FAD70B400454D34 /* Supporting Files */ = {
			isa = PBXGroup;
			children = (
				EA9FC0061FAD70B400454D34 /* main.m */,
			);
			name = "Supporting Files";
			sourceTree = "<group>";
		};
		EA9FC01E1FAD70B400454D34 /* exchangeSetterTests */ = {
			isa = PBXGroup;
			children = (
				EA9FC01F1FAD70B400454D34 /* exchangeSetterTests.m */,
				EA9FC0211FAD70B400454D34 /* Info.plist */,
			);
			path = exchangeSetterTests;
			sourceTree = "<group>";
		};
		EA9FC0291FAD70B400454D34 /* exchangeSetterUITests */ = {
			isa = PBXGroup;
			children = (
				EA9FC02A1FAD70B400454D34 /* exchangeSetterUITests.m */,
				EA9FC02C1FAD70B400454D34 /* Info.plist */,
			);
			path = exchangeSetterUITests;
			sourceTree = "<group>";
		};
/* End PBXGroup section */

/* Begin PBXNativeTarget section */
		EA9FC0011FAD70B400454D34 /* exchangeSetter */ = {
			isa = PBXNativeTarget;
			buildConfigurationList = EA9FC02F1FAD70B400454D34 /* Build configuration list for PBXNativeTarget "exchangeSetter" */;
			buildPhases = (
				EA9FBFFE1FAD70B400454D34 /* Sources */,
				EA9FBFFF1FAD70B400454D34 /* Frameworks */,
				EA9FC0001FAD70B400454D34 /* Resources */,
			);
			buildRules = (
			);
			dependencies = (
			);
			name = exchangeSetter;
			productName = exchangeSetter;
			productReference = EA9FC0021FAD70B400454D34 /* exchangeSetter.app */;
			productType = "com.apple.product-type.application";
		};
		EA9FC01A1FAD70B400454D34 /* exchangeSetterTests */ = {
			isa = PBXNativeTarget;
			buildConfigurationList = EA9FC0321FAD70B400454D34 /* Build configuration list for PBXNativeTarget "exchangeSetterTests" */;
			buildPhases = (
				EA9FC0171FAD70B400454D34 /* Sources */,
				EA9FC0181FAD70B400454D34 /* Frameworks */,
				EA9FC0191FAD70B400454D34 /* Resources */,
			);
			buildRules = (
			);
			dependencies = (
				EA9FC01D1FAD70B400454D34 /* PBXTargetDependency */,
			);
			name = exchangeSetterTests;
			productName = exchangeSetterTests;
			productReference = EA9FC01B1FAD70B400454D34 /* exchangeSetterTests.xctest */;
			productType = "com.apple.product-type.bundle.unit-test";
		};
		EA9FC0251FAD70B400454D34 /* exchangeSetterUITests */ = {
			isa = PBXNativeTarget;
			buildConfigurationList = EA9FC0351FAD70B400454D34 /* Build configuration list for PBXNativeTarget "exchangeSetterUITests" */;
			buildPhases = (
				EA9FC0221FAD70B400454D34 /* Sources */,
				EA9FC0231FAD70B400454D34 /* Frameworks */,
				EA9FC0241FAD70B400454D34 /* Resources */,
			);
			buildRules = (
			);
			dependencies = (
				EA9FC0281FAD70B400454D34 /* PBXTargetDependency */,
			);
			name = exchangeSetterUITests;
			productName = exchangeSetterUITests;
			productReference = EA9FC0261FAD70B400454D34 /* exchangeSetterUITests.xctest */;
			productType = "com.apple.product-type.bundle.ui-testing";
		};
/* End PBXNativeTarget section */

/* Begin PBXProject section */
		EA9FBFFA1FAD70B400454D34 /* Project object */ = {
			isa = PBXProject;
			attributes = {
				LastUpgradeCheck = 0830;
				ORGANIZATIONNAME = wangkun;
				TargetAttributes = {
					EA9FC0011FAD70B400454D34 = {
						CreatedOnToolsVersion = 8.3.3;
						ProvisioningStyle = Automatic;
					};
					EA9FC01A1FAD70B400454D34 = {
						CreatedOnToolsVersion = 8.3.3;
						ProvisioningStyle = Automatic;
						TestTargetID = EA9FC0011FAD70B400454D34;
					};
					EA9FC0251FAD70B400454D34 = {
						CreatedOnToolsVersion = 8.3.3;
						ProvisioningStyle = Automatic;
						TestTargetID = EA9FC0011FAD70B400454D34;
					};
				};
			};
			buildConfigurationList = EA9FBFFD1FAD70B400454D34 /* Build configuration list for PBXProject "exchangeSetter" */;
			compatibilityVersion = "Xcode 3.2";
			developmentRegion = English;
			hasScannedForEncodings = 0;
			knownRegions = (
				en,
				Base,
			);
			mainGroup = EA9FBFF91FAD70B400454D34;
			productRefGroup = EA9FC0031FAD70B400454D34 /* Products */;
			projectDirPath = "";
			projectRoot = "";
			targets = (
				EA9FC0011FAD70B400454D34 /* exchangeSetter */,
				EA9FC01A1FAD70B400454D34 /* exchangeSetterTests */,
				EA9FC0251FAD70B400454D34 /* exchangeSetterUITests */,
			);
		};
/* End PBXProject section */

/* Begin PBXResourcesBuildPhase section */
		EA9FC0001FAD70B400454D34 /* Resources */ = {
			isa = PBXResourcesBuildPhase;
			buildActionMask = 2147483647;
			files = (
				EA9FC0151FAD70B400454D34 /* LaunchScreen.storyboard in Resources */,
				EA9FC0121FAD70B400454D34 /* Assets.xcassets in Resources */,
				EA9FC0101FAD70B400454D34 /* Main.storyboard in Resources */,
			);
			runOnlyForDeploymentPostprocessing = 0;
		};
		EA9FC0191FAD70B400454D34 /* Resources */ = {
			isa = PBXResourcesBuildPhase;
			buildActionMask = 2147483647;
			files = (
			);
			runOnlyForDeploymentPostprocessing = 0;
		};
		EA9FC0241FAD70B400454D34 /* Resources */ = {
			isa = PBXResourcesBuildPhase;
			buildActionMask = 2147483647;
			files = (
			);
			runOnlyForDeploymentPostprocessing = 0;
		};
/* End PBXResourcesBuildPhase section */

/* Begin PBXSourcesBuildPhase section */
		EA9FBFFE1FAD70B400454D34 /* Sources */ = {
			isa = PBXSourcesBuildPhase;
			buildActionMask = 2147483647;
			files = (
				EA9FC0491FADABEB00454D34 /* WKClassPropertyManager.m in Sources */,
				EA9FC00D1FAD70B400454D34 /* ViewController.m in Sources */,
				EA9FC00A1FAD70B400454D34 /* AppDelegate.m in Sources */,
				EA9FC0431FAD8A0600454D34 /* UserModel+Setter.m in Sources */,
				EA9FC0461FADA05300454D34 /* WKClassPropertyModel.m in Sources */,
				EA9FC03A1FAD70C300454D34 /* UserModel.m in Sources */,
				EA9FC0071FAD70B400454D34 /* main.m in Sources */,
			);
			runOnlyForDeploymentPostprocessing = 0;
		};
		EA9FC0171FAD70B400454D34 /* Sources */ = {
			isa = PBXSourcesBuildPhase;
			buildActionMask = 2147483647;
			files = (
				EA9FC0201FAD70B400454D34 /* exchangeSetterTests.m in Sources */,
			);
			runOnlyForDeploymentPostprocessing = 0;
		};
		EA9FC0221FAD70B400454D34 /* Sources */ = {
			isa = PBXSourcesBuildPhase;
			buildActionMask = 2147483647;
			files = (
				EA9FC02B1FAD70B400454D34 /* exchangeSetterUITests.m in Sources */,
			);
			runOnlyForDeploymentPostprocessing = 0;
		};
/* End PBXSourcesBuildPhase section */

/* Begin PBXTargetDependency section */
		EA9FC01D1FAD70B400454D34 /* PBXTargetDependency */ = {
			isa = PBXTargetDependency;
			target = EA9FC0011FAD70B400454D34 /* exchangeSetter */;
			targetProxy = EA9FC01C1FAD70B400454D34 /* PBXContainerItemProxy */;
		};
		EA9FC0281FAD70B400454D34 /* PBXTargetDependency */ = {
			isa = PBXTargetDependency;
			target = EA9FC0011FAD70B400454D34 /* exchangeSetter */;
			targetProxy = EA9FC0271FAD70B400454D34 /* PBXContainerItemProxy */;
		};
/* End PBXTargetDependency section */

/* Begin PBXVariantGroup section */
		EA9FC00E1FAD70B400454D34 /* Main.storyboard */ = {
			isa = PBXVariantGroup;
			children = (
				EA9FC00F1FAD70B400454D34 /* Base */,
			);
			name = Main.storyboard;
			sourceTree = "<group>";
		};
		EA9FC0131FAD70B400454D34 /* LaunchScreen.storyboard */ = {
			isa = PBXVariantGroup;
			children = (
				EA9FC0141FAD70B400454D34 /* Base */,
			);
			name = LaunchScreen.storyboard;
			sourceTree = "<group>";
		};
/* End PBXVariantGroup section */

/* Begin XCBuildConfiguration section */
		EA9FC02D1FAD70B400454D34 /* Debug */ = {
			isa = XCBuildConfiguration;
			buildSettings = {
				ALWAYS_SEARCH_USER_PATHS = NO;
				CLANG_ANALYZER_NONNULL = YES;
				CLANG_ANALYZER_NUMBER_OBJECT_CONVERSION = YES_AGGRESSIVE;
				CLANG_CXX_LANGUAGE_STANDARD = "gnu++0x";
				CLANG_CXX_LIBRARY = "libc++";
				CLANG_ENABLE_MODULES = YES;
				CLANG_ENABLE_OBJC_ARC = YES;
				CLANG_WARN_BOOL_CONVERSION = YES;
				CLANG_WARN_CONSTANT_CONVERSION = YES;
				CLANG_WARN_DIRECT_OBJC_ISA_USAGE = YES_ERROR;
				CLANG_WARN_DOCUMENTATION_COMMENTS = YES;
				CLANG_WARN_EMPTY_BODY = YES;
				CLANG_WARN_ENUM_CONVERSION = YES;
				CLANG_WARN_INFINITE_RECURSION = YES;
				CLANG_WARN_INT_CONVERSION = YES;
				CLANG_WARN_OBJC_ROOT_CLASS = YES_ERROR;
				CLANG_WARN_SUSPICIOUS_MOVE = YES;
				CLANG_WARN_UNREACHABLE_CODE = YES;
				CLANG_WARN__DUPLICATE_METHOD_MATCH = YES;
				"CODE_SIGN_IDENTITY[sdk=iphoneos*]" = "iPhone Developer";
				COPY_PHASE_STRIP = NO;
				DEBUG_INFORMATION_FORMAT = dwarf;
				ENABLE_STRICT_OBJC_MSGSEND = YES;
				ENABLE_TESTABILITY = YES;
				GCC_C_LANGUAGE_STANDARD = gnu99;
				GCC_DYNAMIC_NO_PIC = NO;
				GCC_NO_COMMON_BLOCKS = YES;
				GCC_OPTIMIZATION_LEVEL = 0;
				GCC_PREPROCESSOR_DEFINITIONS = (
					"DEBUG=1",
					"$(inherited)",
				);
				GCC_WARN_64_TO_32_BIT_CONVERSION = YES;
				GCC_WARN_ABOUT_RETURN_TYPE = YES_ERROR;
				GCC_WARN_UNDECLARED_SELECTOR = YES;
				GCC_WARN_UNINITIALIZED_AUTOS = YES_AGGRESSIVE;
				GCC_WARN_UNUSED_FUNCTION = YES;
				GCC_WARN_UNUSED_VARIABLE = YES;
				IPHONEOS_DEPLOYMENT_TARGET = 10.3;
				MTL_ENABLE_DEBUG_INFO = YES;
				ONLY_ACTIVE_ARCH = YES;
				SDKROOT = iphoneos;
				TARGETED_DEVICE_FAMILY = "1,2";
			};
			name = Debug;
		};
		EA9FC02E1FAD70B400454D34 /* Release */ = {
			isa = XCBuildConfiguration;
			buildSettings = {
				ALWAYS_SEARCH_USER_PATHS = NO;
				CLANG_ANALYZER_NONNULL = YES;
				CLANG_ANALYZER_NUMBER_OBJECT_CONVERSION = YES_AGGRESSIVE;
				CLANG_CXX_LANGUAGE_STANDARD = "gnu++0x";
				CLANG_CXX_LIBRARY = "libc++";
				CLANG_ENABLE_MODULES = YES;
				CLANG_ENABLE_OBJC_ARC = YES;
				CLANG_WARN_BOOL_CONVERSION = YES;
				CLANG_WARN_CONSTANT_CONVERSION = YES;
				CLANG_WARN_DIRECT_OBJC_ISA_USAGE = YES_ERROR;
				CLANG_WARN_DOCUMENTATION_COMMENTS = YES;
				CLANG_WARN_EMPTY_BODY = YES;
				CLANG_WARN_ENUM_CONVERSION = YES;
				CLANG_WARN_INFINITE_RECURSION = YES;
				CLANG_WARN_INT_CONVERSION = YES;
				CLANG_WARN_OBJC_ROOT_CLASS = YES_ERROR;
				CLANG_WARN_SUSPICIOUS_MOVE = YES;
				CLANG_WARN_UNREACHABLE_CODE = YES;
				CLANG_WARN__DUPLICATE_METHOD_MATCH = YES;
				"CODE_SIGN_IDENTITY[sdk=iphoneos*]" = "iPhone Developer";
				COPY_PHASE_STRIP = NO;
				DEBUG_INFORMATION_FORMAT = "dwarf-with-dsym";
				ENABLE_NS_ASSERTIONS = NO;
				ENABLE_STRICT_OBJC_MSGSEND = YES;
				GCC_C_LANGUAGE_STANDARD = gnu99;
				GCC_NO_COMMON_BLOCKS = YES;
				GCC_WARN_64_TO_32_BIT_CONVERSION = YES;
				GCC_WARN_ABOUT_RETURN_TYPE = YES_ERROR;
				GCC_WARN_UNDECLARED_SELECTOR = YES;
				GCC_WARN_UNINITIALIZED_AUTOS = YES_AGGRESSIVE;
				GCC_WARN_UNUSED_FUNCTION = YES;
				GCC_WARN_UNUSED_VARIABLE = YES;
				IPHONEOS_DEPLOYMENT_TARGET = 10.3;
				MTL_ENABLE_DEBUG_INFO = NO;
				SDKROOT = iphoneos;
				TARGETED_DEVICE_FAMILY = "1,2";
				VALIDATE_PRODUCT = YES;
			};
			name = Release;
		};
		EA9FC0301FAD70B400454D34 /* Debug */ = {
			isa = XCBuildConfiguration;
			buildSettings = {
				ASSETCATALOG_COMPILER_APPICON_NAME = AppIcon;
				INFOPLIST_FILE = exchangeSetter/Info.plist;
				LD_RUNPATH_SEARCH_PATHS = "$(inherited) @executable_path/Frameworks";
				PRODUCT_BUNDLE_IDENTIFIER = com.wangkun.www.exchangeSetter;
				PRODUCT_NAME = "$(TARGET_NAME)";
			};
			name = Debug;
		};
		EA9FC0311FAD70B400454D34 /* Release */ = {
			isa = XCBuildConfiguration;
			buildSettings = {
				ASSETCATALOG_COMPILER_APPICON_NAME = AppIcon;
				INFOPLIST_FILE = exchangeSetter/Info.plist;
				LD_RUNPATH_SEARCH_PATHS = "$(inherited) @executable_path/Frameworks";
				PRODUCT_BUNDLE_IDENTIFIER = com.wangkun.www.exchangeSetter;
				PRODUCT_NAME = "$(TARGET_NAME)";
			};
			name = Release;
		};
		EA9FC0331FAD70B400454D34 /* Debug */ = {
			isa = XCBuildConfiguration;
			buildSettings = {
				BUNDLE_LOADER = "$(TEST_HOST)";
				INFOPLIST_FILE = exchangeSetterTests/Info.plist;
				LD_RUNPATH_SEARCH_PATHS = "$(inherited) @executable_path/Frameworks @loader_path/Frameworks";
				PRODUCT_BUNDLE_IDENTIFIER = com.wangkun.www.exchangeSetterTests;
				PRODUCT_NAME = "$(TARGET_NAME)";
				TEST_HOST = "$(BUILT_PRODUCTS_DIR)/exchangeSetter.app/exchangeSetter";
			};
			name = Debug;
		};
		EA9FC0341FAD70B400454D34 /* Release */ = {
			isa = XCBuildConfiguration;
			buildSettings = {
				BUNDLE_LOADER = "$(TEST_HOST)";
				INFOPLIST_FILE = exchangeSetterTests/Info.plist;
				LD_RUNPATH_SEARCH_PATHS = "$(inherited) @executable_path/Frameworks @loader_path/Frameworks";
				PRODUCT_BUNDLE_IDENTIFIER = com.wangkun.www.exchangeSetterTests;
				PRODUCT_NAME = "$(TARGET_NAME)";
				TEST_HOST = "$(BUILT_PRODUCTS_DIR)/exchangeSetter.app/exchangeSetter";
			};
			name = Release;
		};
		EA9FC0361FAD70B400454D34 /* Debug */ = {
			isa = XCBuildConfiguration;
			buildSettings = {
				INFOPLIST_FILE = exchangeSetterUITests/Info.plist;
				LD_RUNPATH_SEARCH_PATHS = "$(inherited) @executable_path/Frameworks @loader_path/Frameworks";
				PRODUCT_BUNDLE_IDENTIFIER = com.wangkun.www.exchangeSetterUITests;
				PRODUCT_NAME = "$(TARGET_NAME)";
				TEST_TARGET_NAME = exchangeSetter;
			};
			name = Debug;
		};
		EA9FC0371FAD70B400454D34 /* Release */ = {
			isa = XCBuildConfiguration;
			buildSettings = {
				INFOPLIST_FILE = exchangeSetterUITests/Info.plist;
				LD_RUNPATH_SEARCH_PATHS = "$(inherited) @executable_path/Frameworks @loader_path/Frameworks";
				PRODUCT_BUNDLE_IDENTIFIER = com.wangkun.www.exchangeSetterUITests;
				PRODUCT_NAME = "$(TARGET_NAME)";
				TEST_TARGET_NAME = exchangeSetter;
			};
			name = Release;
		};
/* End XCBuildConfiguration section */

/* Begin XCConfigurationList section */
		EA9FBFFD1FAD70B400454D34 /* Build configuration list for PBXProject "exchangeSetter" */ = {
			isa = XCConfigurationList;
			buildConfigurations = (
				EA9FC02D1FAD70B400454D34 /* Debug */,
				EA9FC02E1FAD70B400454D34 /* Release */,
			);
			defaultConfigurationIsVisible = 0;
			defaultConfigurationName = Release;
		};
		EA9FC02F1FAD70B400454D34 /* Build configuration list for PBXNativeTarget "exchangeSetter" */ = {
			isa = XCConfigurationList;
			buildConfigurations = (
				EA9FC0301FAD70B400454D34 /* Debug */,
				EA9FC0311FAD70B400454D34 /* Release */,
			);
			defaultConfigurationIsVisible = 0;
		};
		EA9FC0321FAD70B400454D34 /* Build configuration list for PBXNativeTarget "exchangeSetterTests" */ = {
			isa = XCConfigurationList;
			buildConfigurations = (
				EA9FC0331FAD70B400454D34 /* Debug */,
				EA9FC0341FAD70B400454D34 /* Release */,
			);
			defaultConfigurationIsVisible = 0;
		};
		EA9FC0351FAD70B400454D34 /* Build configuration list for PBXNativeTarget "exchangeSetterUITests" */ = {
			isa = XCConfigurationList;
			buildConfigurations = (
				EA9FC0361FAD70B400454D34 /* Debug */,
				EA9FC0371FAD70B400454D34 /* Release */,
			);
			defaultConfigurationIsVisible = 0;
		};
/* End XCConfigurationList section */
	};
	rootObject = EA9FBFFA1FAD70B400454D34 /* Project object */;
}
